
Microsoft Visual Studio Solution File, Format Version 12.00
Project("{FAE04EC0-301F-11D3-BF4B-00C04F79EFBC}") = "Mapingway.API", "Mapingway.API\Mapingway.API.csproj", "{E8F17DD9-77ED-4437-B6F2-5B816E3E057B}"
EndProject
Project("{FAE04EC0-301F-11D3-BF4B-00C04F79EFBC}") = "Mapingway.Domain", "Mapingway.Domain\Mapingway.Domain.csproj", "{E1546923-9813-44B9-849A-105FFC9F548F}"
EndProject
Project("{2150E333-8FDC-42A3-9474-1A3956D46DE8}") = "src", "src", "{2CC709AC-0046-4C54-8492-4460155B158D}"
EndProject
Project("{2150E333-8FDC-42A3-9474-1A3956D46DE8}") = "tests", "tests", "{2F045628-E18A-423A-8483-D176D02E6DF9}"
EndProject
Project("{FAE04EC0-301F-11D3-BF4B-00C04F79EFBC}") = "Mapingway.Infrastructure", "Mapingway.Infrastructure\Mapingway.Infrastructure.csproj", "{B63AEC16-74C0-4B6B-BFDA-1B398A5CF74A}"
EndProject
Project("{FAE04EC0-301F-11D3-BF4B-00C04F79EFBC}") = "Mapingway.Application", "Mapingway.Application\Mapingway.Application.csproj", "{5BC59E65-4010-4BA8-9DFB-DD09A2A04301}"
EndProject
Project("{FAE04EC0-301F-11D3-BF4B-00C04F79EFBC}") = "Mapingway.Common", "Mapingway.Common\Mapingway.Common.csproj", "{69550FA3-16A9-495D-9BCA-60E6FFDDBE97}"
EndProject
Project("{FAE04EC0-301F-11D3-BF4B-00C04F79EFBC}") = "Mapingway.Infrastructure.UnitTests", "Mapingway.Infrastructure.UnitTests\Mapingway.Infrastructure.UnitTests.csproj", "{E577218A-1A3A-4B3E-ADD4-B7548A12D764}"
EndProject
Project("{FAE04EC0-301F-11D3-BF4B-00C04F79EFBC}") = "Mapingway.API.UnitTests", "Mapingway.API.UnitTests\Mapingway.API.UnitTests.csproj", "{1EF57553-298E-4CC6-A29D-47E07F6F6BC2}"
EndProject
Global
	GlobalSection(SolutionConfigurationPlatforms) = preSolution
		Debug|Any CPU = Debug|Any CPU
		Release|Any CPU = Release|Any CPU
	EndGlobalSection
	GlobalSection(ProjectConfigurationPlatforms) = postSolution
		{E8F17DD9-77ED-4437-B6F2-5B816E3E057B}.Debug|Any CPU.ActiveCfg = Debug|Any CPU
		{E8F17DD9-77ED-4437-B6F2-5B816E3E057B}.Debug|Any CPU.Build.0 = Debug|Any CPU
		{E8F17DD9-77ED-4437-B6F2-5B816E3E057B}.Release|Any CPU.ActiveCfg = Release|Any CPU
		{E8F17DD9-77ED-4437-B6F2-5B816E3E057B}.Release|Any CPU.Build.0 = Release|Any CPU
		{E1546923-9813-44B9-849A-105FFC9F548F}.Debug|Any CPU.ActiveCfg = Debug|Any CPU
		{E1546923-9813-44B9-849A-105FFC9F548F}.Debug|Any CPU.Build.0 = Debug|Any CPU
		{E1546923-9813-44B9-849A-105FFC9F548F}.Release|Any CPU.ActiveCfg = Release|Any CPU
		{E1546923-9813-44B9-849A-105FFC9F548F}.Release|Any CPU.Build.0 = Release|Any CPU
		{B63AEC16-74C0-4B6B-BFDA-1B398A5CF74A}.Debug|Any CPU.ActiveCfg = Debug|Any CPU
		{B63AEC16-74C0-4B6B-BFDA-1B398A5CF74A}.Debug|Any CPU.Build.0 = Debug|Any CPU
		{B63AEC16-74C0-4B6B-BFDA-1B398A5CF74A}.Release|Any CPU.ActiveCfg = Release|Any CPU
		{B63AEC16-74C0-4B6B-BFDA-1B398A5CF74A}.Release|Any CPU.Build.0 = Release|Any CPU
		{5BC59E65-4010-4BA8-9DFB-DD09A2A04301}.Debug|Any CPU.ActiveCfg = Debug|Any CPU
		{5BC59E65-4010-4BA8-9DFB-DD09A2A04301}.Debug|Any CPU.Build.0 = Debug|Any CPU
		{5BC59E65-4010-4BA8-9DFB-DD09A2A04301}.Release|Any CPU.ActiveCfg = Release|Any CPU
		{5BC59E65-4010-4BA8-9DFB-DD09A2A04301}.Release|Any CPU.Build.0 = Release|Any CPU
		{69550FA3-16A9-495D-9BCA-60E6FFDDBE97}.Debug|Any CPU.ActiveCfg = Debug|Any CPU
		{69550FA3-16A9-495D-9BCA-60E6FFDDBE97}.Debug|Any CPU.Build.0 = Debug|Any CPU
		{69550FA3-16A9-495D-9BCA-60E6FFDDBE97}.Release|Any CPU.ActiveCfg = Release|Any CPU
		{69550FA3-16A9-495D-9BCA-60E6FFDDBE97}.Release|Any CPU.Build.0 = Release|Any CPU
		{E577218A-1A3A-4B3E-ADD4-B7548A12D764}.Debug|Any CPU.ActiveCfg = Debug|Any CPU
		{E577218A-1A3A-4B3E-ADD4-B7548A12D764}.Debug|Any CPU.Build.0 = Debug|Any CPU
		{E577218A-1A3A-4B3E-ADD4-B7548A12D764}.Release|Any CPU.ActiveCfg = Release|Any CPU
		{E577218A-1A3A-4B3E-ADD4-B7548A12D764}.Release|Any CPU.Build.0 = Release|Any CPU
		{1EF57553-298E-4CC6-A29D-47E07F6F6BC2}.Debug|Any CPU.ActiveCfg = Debug|Any CPU
		{1EF57553-298E-4CC6-A29D-47E07F6F6BC2}.Debug|Any CPU.Build.0 = Debug|Any CPU
		{1EF57553-298E-4CC6-A29D-47E07F6F6BC2}.Release|Any CPU.ActiveCfg = Release|Any CPU
		{1EF57553-298E-4CC6-A29D-47E07F6F6BC2}.Release|Any CPU.Build.0 = Release|Any CPU
	EndGlobalSection
	GlobalSection(NestedProjects) = preSolution
		{E8F17DD9-77ED-4437-B6F2-5B816E3E057B} = {2CC709AC-0046-4C54-8492-4460155B158D}
		{E1546923-9813-44B9-849A-105FFC9F548F} = {2CC709AC-0046-4C54-8492-4460155B158D}
		{B63AEC16-74C0-4B6B-BFDA-1B398A5CF74A} = {2CC709AC-0046-4C54-8492-4460155B158D}
		{5BC59E65-4010-4BA8-9DFB-DD09A2A04301} = {2CC709AC-0046-4C54-8492-4460155B158D}
		{69550FA3-16A9-495D-9BCA-60E6FFDDBE97} = {2CC709AC-0046-4C54-8492-4460155B158D}
		{E577218A-1A3A-4B3E-ADD4-B7548A12D764} = {2F045628-E18A-423A-8483-D176D02E6DF9}
		{1EF57553-298E-4CC6-A29D-47E07F6F6BC2} = {2F045628-E18A-423A-8483-D176D02E6DF9}
	EndGlobalSection
EndGlobal
